
Microsoft Visual Studio Solution File, Format Version 12.00
# Visual Studio 15
VisualStudioVersion = 15.0.27004.2002
MinimumVisualStudioVersion = 10.0.40219.1
Project("{FAE04EC0-301F-11D3-BF4B-00C04F79EFBC}") = "jsexam", "jsexam\jsexam.csproj", "{99952188-7D2D-4ECF-B8D3-E296492F82D8}"
EndProject
Project("{FAE04EC0-301F-11D3-BF4B-00C04F79EFBC}") = "Dataport", "Dataport\Dataport.csproj", "{3FEAECBE-EF8F-449A-9364-6C8D572966CD}"
EndProject
Project("{FAE04EC0-301F-11D3-BF4B-00C04F79EFBC}") = "Common", "Common\Common.csproj", "{30A289F0-2715-49C7-9C72-DD2CFA50CDE5}"
EndProject
Global
	GlobalSection(SolutionConfigurationPlatforms) = preSolution
		Debug|Any CPU = Debug|Any CPU
		Release|Any CPU = Release|Any CPU
	EndGlobalSection
	GlobalSection(ProjectConfigurationPlatforms) = postSolution
		{99952188-7D2D-4ECF-B8D3-E296492F82D8}.Debug|Any CPU.ActiveCfg = Debug|Any CPU
		{99952188-7D2D-4ECF-B8D3-E296492F82D8}.Debug|Any CPU.Build.0 = Debug|Any CPU
		{99952188-7D2D-4ECF-B8D3-E296492F82D8}.Release|Any CPU.ActiveCfg = Release|Any CPU
		{99952188-7D2D-4ECF-B8D3-E296492F82D8}.Release|Any CPU.Build.0 = Release|Any CPU
		{3FEAECBE-EF8F-449A-9364-6C8D572966CD}.Debug|Any CPU.ActiveCfg = Debug|Any CPU
		{3FEAECBE-EF8F-449A-9364-6C8D572966CD}.Debug|Any CPU.Build.0 = Debug|Any CPU
		{3FEAECBE-EF8F-449A-9364-6C8D572966CD}.Release|Any CPU.ActiveCfg = Release|Any CPU
		{3FEAECBE-EF8F-449A-9364-6C8D572966CD}.Release|Any CPU.Build.0 = Release|Any CPU
		{30A289F0-2715-49C7-9C72-DD2CFA50CDE5}.Debug|Any CPU.ActiveCfg = Debug|Any CPU
		{30A289F0-2715-49C7-9C72-DD2CFA50CDE5}.Debug|Any CPU.Build.0 = Debug|Any CPU
		{30A289F0-2715-49C7-9C72-DD2CFA50CDE5}.Release|Any CPU.ActiveCfg = Release|Any CPU
		{30A289F0-2715-49C7-9C72-DD2CFA50CDE5}.Release|Any CPU.Build.0 = Release|Any CPU
	EndGlobalSection
	GlobalSection(SolutionProperties) = preSolution
		HideSolutionNode = FALSE
	EndGlobalSection
	GlobalSection(ExtensibilityGlobals) = postSolution
		SolutionGuid = {851028FB-8F63-42B8-B4DA-6D818AB74B8F}
	EndGlobalSection
EndGlobal
